
Microsoft Visual Studio Solution File, Format Version 12.00
# Visual Studio Version 17
VisualStudioVersion = 17.1.32319.34
MinimumVisualStudioVersion = 10.0.40219.1
Project("{8BC9CEB8-8B4A-11D0-8D11-00A0C91BC942}") = "02_hello_shader", "02_hello_shader\02_hello_shader.vcxproj", "{38B3999A-7ACE-48FE-9194-8B42E56A8187}"
EndProject
Global
	GlobalSection(SolutionConfigurationPlatforms) = preSolution
		Debug|x64 = Debug|x64
		Debug|x86 = Debug|x86
		Release|x64 = Release|x64
		Release|x86 = Release|x86
	EndGlobalSection
	GlobalSection(ProjectConfigurationPlatforms) = postSolution
		{38B3999A-7ACE-48FE-9194-8B42E56A8187}.Debug|x64.ActiveCfg = Debug|x64
		{38B3999A-7ACE-48FE-9194-8B42E56A8187}.Debug|x64.Build.0 = Debug|x64
		{38B3999A-7ACE-48FE-9194-8B42E56A8187}.Debug|x86.ActiveCfg = Debug|Win32
		{38B3999A-7ACE-48FE-9194-8B42E56A8187}.Debug|x86.Build.0 = Debug|Win32
		{38B3999A-7ACE-48FE-9194-8B42E56A8187}.Release|x64.ActiveCfg = Release|x64
		{38B3999A-7ACE-48FE-9194-8B42E56A8187}.Release|x64.Build.0 = Release|x64
		{38B3999A-7ACE-48FE-9194-8B42E56A8187}.Release|x86.ActiveCfg = Release|Win32
		{38B3999A-7ACE-48FE-9194-8B42E56A8187}.Release|x86.Build.0 = Release|Win32
	EndGlobalSection
	GlobalSection(SolutionProperties) = preSolution
		HideSolutionNode = FALSE
	EndGlobalSection
	GlobalSection(ExtensibilityGlobals) = postSolution
		SolutionGuid = {97FC69E0-49A3-40E7-B990-B23A472B1ED1}
	EndGlobalSection
EndGlobal
